{
  "version": "3",
  "packages": {
    "specifiers": {
      "npm:vite@5.4.11": "npm:vite@5.4.11"
    },
    "npm": {
      "@esbuild/aix-ppc64@0.21.5": {
        "integrity": "sha512-1SDgH6ZSPTlggy1yI6+Dbkiz8xzpHJEVAlF/AM1tHPLsf5STom9rwtjE4hKAF20FfXXNTFqEYXyJNWh1GiZedQ==",
        "dependencies": {}
      },
      "@esbuild/android-arm64@0.21.5": {
        "integrity": "sha512-c0uX9VAUBQ7dTDCjq+wdyGLowMdtR/GoC2U5IYk/7D1H1JYC0qseD7+11iMP2mRLN9RcCMRcjC4YMclCzGwS/A==",
        "dependencies": {}
      },
      "@esbuild/android-arm@0.21.5": {
        "integrity": "sha512-vCPvzSjpPHEi1siZdlvAlsPxXl7WbOVUBBAowWug4rJHb68Ox8KualB+1ocNvT5fjv6wpkX6o/iEpbDrf68zcg==",
        "dependencies": {}
      },
      "@esbuild/android-x64@0.21.5": {
        "integrity": "sha512-D7aPRUUNHRBwHxzxRvp856rjUHRFW1SdQATKXH2hqA0kAZb1hKmi02OpYRacl0TxIGz/ZmXWlbZgjwWYaCakTA==",
        "dependencies": {}
      },
      "@esbuild/darwin-arm64@0.21.5": {
        "integrity": "sha512-DwqXqZyuk5AiWWf3UfLiRDJ5EDd49zg6O9wclZ7kUMv2WRFr4HKjXp/5t8JZ11QbQfUS6/cRCKGwYhtNAY88kQ==",
        "dependencies": {}
      },
      "@esbuild/darwin-x64@0.21.5": {
        "integrity": "sha512-se/JjF8NlmKVG4kNIuyWMV/22ZaerB+qaSi5MdrXtd6R08kvs2qCN4C09miupktDitvh8jRFflwGFBQcxZRjbw==",
        "dependencies": {}
      },
      "@esbuild/freebsd-arm64@0.21.5": {
        "integrity": "sha512-5JcRxxRDUJLX8JXp/wcBCy3pENnCgBR9bN6JsY4OmhfUtIHe3ZW0mawA7+RDAcMLrMIZaf03NlQiX9DGyB8h4g==",
        "dependencies": {}
      },
      "@esbuild/freebsd-x64@0.21.5": {
        "integrity": "sha512-J95kNBj1zkbMXtHVH29bBriQygMXqoVQOQYA+ISs0/2l3T9/kj42ow2mpqerRBxDJnmkUDCaQT/dfNXWX/ZZCQ==",
        "dependencies": {}
      },
      "@esbuild/linux-arm64@0.21.5": {
        "integrity": "sha512-ibKvmyYzKsBeX8d8I7MH/TMfWDXBF3db4qM6sy+7re0YXya+K1cem3on9XgdT2EQGMu4hQyZhan7TeQ8XkGp4Q==",
        "dependencies": {}
      },
      "@esbuild/linux-arm@0.21.5": {
        "integrity": "sha512-bPb5AHZtbeNGjCKVZ9UGqGwo8EUu4cLq68E95A53KlxAPRmUyYv2D6F0uUI65XisGOL1hBP5mTronbgo+0bFcA==",
        "dependencies": {}
      },
      "@esbuild/linux-ia32@0.21.5": {
        "integrity": "sha512-YvjXDqLRqPDl2dvRODYmmhz4rPeVKYvppfGYKSNGdyZkA01046pLWyRKKI3ax8fbJoK5QbxblURkwK/MWY18Tg==",
        "dependencies": {}
      },
      "@esbuild/linux-loong64@0.21.5": {
        "integrity": "sha512-uHf1BmMG8qEvzdrzAqg2SIG/02+4/DHB6a9Kbya0XDvwDEKCoC8ZRWI5JJvNdUjtciBGFQ5PuBlpEOXQj+JQSg==",
        "dependencies": {}
      },
      "@esbuild/linux-mips64el@0.21.5": {
        "integrity": "sha512-IajOmO+KJK23bj52dFSNCMsz1QP1DqM6cwLUv3W1QwyxkyIWecfafnI555fvSGqEKwjMXVLokcV5ygHW5b3Jbg==",
        "dependencies": {}
      },
      "@esbuild/linux-ppc64@0.21.5": {
        "integrity": "sha512-1hHV/Z4OEfMwpLO8rp7CvlhBDnjsC3CttJXIhBi+5Aj5r+MBvy4egg7wCbe//hSsT+RvDAG7s81tAvpL2XAE4w==",
        "dependencies": {}
      },
      "@esbuild/linux-riscv64@0.21.5": {
        "integrity": "sha512-2HdXDMd9GMgTGrPWnJzP2ALSokE/0O5HhTUvWIbD3YdjME8JwvSCnNGBnTThKGEB91OZhzrJ4qIIxk/SBmyDDA==",
        "dependencies": {}
      },
      "@esbuild/linux-s390x@0.21.5": {
        "integrity": "sha512-zus5sxzqBJD3eXxwvjN1yQkRepANgxE9lgOW2qLnmr8ikMTphkjgXu1HR01K4FJg8h1kEEDAqDcZQtbrRnB41A==",
        "dependencies": {}
      },
      "@esbuild/linux-x64@0.21.5": {
        "integrity": "sha512-1rYdTpyv03iycF1+BhzrzQJCdOuAOtaqHTWJZCWvijKD2N5Xu0TtVC8/+1faWqcP9iBCWOmjmhoH94dH82BxPQ==",
        "dependencies": {}
      },
      "@esbuild/netbsd-x64@0.21.5": {
        "integrity": "sha512-Woi2MXzXjMULccIwMnLciyZH4nCIMpWQAs049KEeMvOcNADVxo0UBIQPfSmxB3CWKedngg7sWZdLvLczpe0tLg==",
        "dependencies": {}
      },
      "@esbuild/openbsd-x64@0.21.5": {
        "integrity": "sha512-HLNNw99xsvx12lFBUwoT8EVCsSvRNDVxNpjZ7bPn947b8gJPzeHWyNVhFsaerc0n3TsbOINvRP2byTZ5LKezow==",
        "dependencies": {}
      },
      "@esbuild/sunos-x64@0.21.5": {
        "integrity": "sha512-6+gjmFpfy0BHU5Tpptkuh8+uw3mnrvgs+dSPQXQOv3ekbordwnzTVEb4qnIvQcYXq6gzkyTnoZ9dZG+D4garKg==",
        "dependencies": {}
      },
      "@esbuild/win32-arm64@0.21.5": {
        "integrity": "sha512-Z0gOTd75VvXqyq7nsl93zwahcTROgqvuAcYDUr+vOv8uHhNSKROyU961kgtCD1e95IqPKSQKH7tBTslnS3tA8A==",
        "dependencies": {}
      },
      "@esbuild/win32-ia32@0.21.5": {
        "integrity": "sha512-SWXFF1CL2RVNMaVs+BBClwtfZSvDgtL//G/smwAc5oVK/UPu2Gu9tIaRgFmYFFKrmg3SyAjSrElf0TiJ1v8fYA==",
        "dependencies": {}
      },
      "@esbuild/win32-x64@0.21.5": {
        "integrity": "sha512-tQd/1efJuzPC6rCFwEvLtci/xNFcTZknmXs98FYDfGE4wP9ClFV98nyKrzJKVPMhdDnjzLhdUyMX4PsQAPjwIw==",
        "dependencies": {}
      },
      "@rollup/rollup-android-arm-eabi@4.26.0": {
        "integrity": "sha512-gJNwtPDGEaOEgejbaseY6xMFu+CPltsc8/T+diUTTbOQLqD+bnrJq9ulH6WD69TqwqWmrfRAtUv30cCFZlbGTQ==",
        "dependencies": {}
      },
      "@rollup/rollup-android-arm64@4.26.0": {
        "integrity": "sha512-YJa5Gy8mEZgz5JquFruhJODMq3lTHWLm1fOy+HIANquLzfIOzE9RA5ie3JjCdVb9r46qfAQY/l947V0zfGJ0OQ==",
        "dependencies": {}
      },
      "@rollup/rollup-darwin-arm64@4.26.0": {
        "integrity": "sha512-ErTASs8YKbqTBoPLp/kA1B1Um5YSom8QAc4rKhg7b9tyyVqDBlQxy7Bf2wW7yIlPGPg2UODDQcbkTlruPzDosw==",
        "dependencies": {}
      },
      "@rollup/rollup-darwin-x64@4.26.0": {
        "integrity": "sha512-wbgkYDHcdWW+NqP2mnf2NOuEbOLzDblalrOWcPyY6+BRbVhliavon15UploG7PpBRQ2bZJnbmh8o3yLoBvDIHA==",
        "dependencies": {}
      },
      "@rollup/rollup-freebsd-arm64@4.26.0": {
        "integrity": "sha512-Y9vpjfp9CDkAG4q/uwuhZk96LP11fBz/bYdyg9oaHYhtGZp7NrbkQrj/66DYMMP2Yo/QPAsVHkV891KyO52fhg==",
        "dependencies": {}
      },
      "@rollup/rollup-freebsd-x64@4.26.0": {
        "integrity": "sha512-A/jvfCZ55EYPsqeaAt/yDAG4q5tt1ZboWMHEvKAH9Zl92DWvMIbnZe/f/eOXze65aJaaKbL+YeM0Hz4kLQvdwg==",
        "dependencies": {}
      },
      "@rollup/rollup-linux-arm-gnueabihf@4.26.0": {
        "integrity": "sha512-paHF1bMXKDuizaMODm2bBTjRiHxESWiIyIdMugKeLnjuS1TCS54MF5+Y5Dx8Ui/1RBPVRE09i5OUlaLnv8OGnA==",
        "dependencies": {}
      },
      "@rollup/rollup-linux-arm-musleabihf@4.26.0": {
        "integrity": "sha512-cwxiHZU1GAs+TMxvgPfUDtVZjdBdTsQwVnNlzRXC5QzIJ6nhfB4I1ahKoe9yPmoaA/Vhf7m9dB1chGPpDRdGXg==",
        "dependencies": {}
      },
      "@rollup/rollup-linux-arm64-gnu@4.26.0": {
        "integrity": "sha512-4daeEUQutGRCW/9zEo8JtdAgtJ1q2g5oHaoQaZbMSKaIWKDQwQ3Yx0/3jJNmpzrsScIPtx/V+1AfibLisb3AMQ==",
        "dependencies": {}
      },
      "@rollup/rollup-linux-arm64-musl@4.26.0": {
        "integrity": "sha512-eGkX7zzkNxvvS05ROzJ/cO/AKqNvR/7t1jA3VZDi2vRniLKwAWxUr85fH3NsvtxU5vnUUKFHKh8flIBdlo2b3Q==",
        "dependencies": {}
      },
      "@rollup/rollup-linux-powerpc64le-gnu@4.26.0": {
        "integrity": "sha512-Odp/lgHbW/mAqw/pU21goo5ruWsytP7/HCC/liOt0zcGG0llYWKrd10k9Fj0pdj3prQ63N5yQLCLiE7HTX+MYw==",
        "dependencies": {}
      },
      "@rollup/rollup-linux-riscv64-gnu@4.26.0": {
        "integrity": "sha512-MBR2ZhCTzUgVD0OJdTzNeF4+zsVogIR1U/FsyuFerwcqjZGvg2nYe24SAHp8O5sN8ZkRVbHwlYeHqcSQ8tcYew==",
        "dependencies": {}
      },
      "@rollup/rollup-linux-s390x-gnu@4.26.0": {
        "integrity": "sha512-YYcg8MkbN17fMbRMZuxwmxWqsmQufh3ZJFxFGoHjrE7bv0X+T6l3glcdzd7IKLiwhT+PZOJCblpnNlz1/C3kGQ==",
        "dependencies": {}
      },
      "@rollup/rollup-linux-x64-gnu@4.26.0": {
        "integrity": "sha512-ZuwpfjCwjPkAOxpjAEjabg6LRSfL7cAJb6gSQGZYjGhadlzKKywDkCUnJ+KEfrNY1jH5EEoSIKLCb572jSiglA==",
        "dependencies": {}
      },
      "@rollup/rollup-linux-x64-musl@4.26.0": {
        "integrity": "sha512-+HJD2lFS86qkeF8kNu0kALtifMpPCZU80HvwztIKnYwym3KnA1os6nsX4BGSTLtS2QVAGG1P3guRgsYyMA0Yhg==",
        "dependencies": {}
      },
      "@rollup/rollup-win32-arm64-msvc@4.26.0": {
        "integrity": "sha512-WUQzVFWPSw2uJzX4j6YEbMAiLbs0BUysgysh8s817doAYhR5ybqTI1wtKARQKo6cGop3pHnrUJPFCsXdoFaimQ==",
        "dependencies": {}
      },
      "@rollup/rollup-win32-ia32-msvc@4.26.0": {
        "integrity": "sha512-D4CxkazFKBfN1akAIY6ieyOqzoOoBV1OICxgUblWxff/pSjCA2khXlASUx7mK6W1oP4McqhgcCsu6QaLj3WMWg==",
        "dependencies": {}
      },
      "@rollup/rollup-win32-x64-msvc@4.26.0": {
        "integrity": "sha512-2x8MO1rm4PGEP0xWbubJW5RtbNLk3puzAMaLQd3B3JHVw4KcHlmXcO+Wewx9zCoo7EUFiMlu/aZbCJ7VjMzAag==",
        "dependencies": {}
      },
      "@types/estree@1.0.6": {
        "integrity": "sha512-AYnb1nQyY49te+VRAVgmzfcgjYS91mY5P0TKUDCLEM+gNnA+3T6rWITXRLYCpahpqSQbN5cE+gHpnPyXjHWxcw==",
        "dependencies": {}
      },
      "esbuild@0.21.5": {
        "integrity": "sha512-mg3OPMV4hXywwpoDxu3Qda5xCKQi+vCTZq8S9J/EpkhB2HzKXq4SNFZE3+NK93JYxc8VMSep+lOUSC/RVKaBqw==",
        "dependencies": {
          "@esbuild/aix-ppc64": "@esbuild/aix-ppc64@0.21.5",
          "@esbuild/android-arm": "@esbuild/android-arm@0.21.5",
          "@esbuild/android-arm64": "@esbuild/android-arm64@0.21.5",
          "@esbuild/android-x64": "@esbuild/android-x64@0.21.5",
          "@esbuild/darwin-arm64": "@esbuild/darwin-arm64@0.21.5",
          "@esbuild/darwin-x64": "@esbuild/darwin-x64@0.21.5",
          "@esbuild/freebsd-arm64": "@esbuild/freebsd-arm64@0.21.5",
          "@esbuild/freebsd-x64": "@esbuild/freebsd-x64@0.21.5",
          "@esbuild/linux-arm": "@esbuild/linux-arm@0.21.5",
          "@esbuild/linux-arm64": "@esbuild/linux-arm64@0.21.5",
          "@esbuild/linux-ia32": "@esbuild/linux-ia32@0.21.5",
          "@esbuild/linux-loong64": "@esbuild/linux-loong64@0.21.5",
          "@esbuild/linux-mips64el": "@esbuild/linux-mips64el@0.21.5",
          "@esbuild/linux-ppc64": "@esbuild/linux-ppc64@0.21.5",
          "@esbuild/linux-riscv64": "@esbuild/linux-riscv64@0.21.5",
          "@esbuild/linux-s390x": "@esbuild/linux-s390x@0.21.5",
          "@esbuild/linux-x64": "@esbuild/linux-x64@0.21.5",
          "@esbuild/netbsd-x64": "@esbuild/netbsd-x64@0.21.5",
          "@esbuild/openbsd-x64": "@esbuild/openbsd-x64@0.21.5",
          "@esbuild/sunos-x64": "@esbuild/sunos-x64@0.21.5",
          "@esbuild/win32-arm64": "@esbuild/win32-arm64@0.21.5",
          "@esbuild/win32-ia32": "@esbuild/win32-ia32@0.21.5",
          "@esbuild/win32-x64": "@esbuild/win32-x64@0.21.5"
        }
      },
      "fsevents@2.3.3": {
        "integrity": "sha512-5xoDfX+fL7faATnagmWPpbFtwh/R77WmMMqqHGS65C3vvB0YHrgF+B1YmZ3441tMj5n63k0212XNoJwzlhffQw==",
        "dependencies": {}
      },
      "nanoid@3.3.7": {
        "integrity": "sha512-eSRppjcPIatRIMC1U6UngP8XFcz8MQWGQdt1MTBQ7NaAmvXDfvNxbvWV3x2y6CdEUciCSsDHDQZbhYaB8QEo2g==",
        "dependencies": {}
      },
      "picocolors@1.1.1": {
        "integrity": "sha512-xceH2snhtb5M9liqDsmEw56le376mTZkEX/jEb/RxNFyegNul7eNslCXP9FDj/Lcu0X8KEyMceP2ntpaHrDEVA==",
        "dependencies": {}
      },
      "postcss@8.4.49": {
        "integrity": "sha512-OCVPnIObs4N29kxTjzLfUryOkvZEq+pf8jTF0lg8E7uETuWHA+v7j3c/xJmiqpX450191LlmZfUKkXxkTry7nA==",
        "dependencies": {
          "nanoid": "nanoid@3.3.7",
          "picocolors": "picocolors@1.1.1",
          "source-map-js": "source-map-js@1.2.1"
        }
      },
      "rollup@4.26.0": {
        "integrity": "sha512-ilcl12hnWonG8f+NxU6BlgysVA0gvY2l8N0R84S1HcINbW20bvwuCngJkkInV6LXhwRpucsW5k1ovDwEdBVrNg==",
        "dependencies": {
          "@rollup/rollup-android-arm-eabi": "@rollup/rollup-android-arm-eabi@4.26.0",
          "@rollup/rollup-android-arm64": "@rollup/rollup-android-arm64@4.26.0",
          "@rollup/rollup-darwin-arm64": "@rollup/rollup-darwin-arm64@4.26.0",
          "@rollup/rollup-darwin-x64": "@rollup/rollup-darwin-x64@4.26.0",
          "@rollup/rollup-freebsd-arm64": "@rollup/rollup-freebsd-arm64@4.26.0",
          "@rollup/rollup-freebsd-x64": "@rollup/rollup-freebsd-x64@4.26.0",
          "@rollup/rollup-linux-arm-gnueabihf": "@rollup/rollup-linux-arm-gnueabihf@4.26.0",
          "@rollup/rollup-linux-arm-musleabihf": "@rollup/rollup-linux-arm-musleabihf@4.26.0",
          "@rollup/rollup-linux-arm64-gnu": "@rollup/rollup-linux-arm64-gnu@4.26.0",
          "@rollup/rollup-linux-arm64-musl": "@rollup/rollup-linux-arm64-musl@4.26.0",
          "@rollup/rollup-linux-powerpc64le-gnu": "@rollup/rollup-linux-powerpc64le-gnu@4.26.0",
          "@rollup/rollup-linux-riscv64-gnu": "@rollup/rollup-linux-riscv64-gnu@4.26.0",
          "@rollup/rollup-linux-s390x-gnu": "@rollup/rollup-linux-s390x-gnu@4.26.0",
          "@rollup/rollup-linux-x64-gnu": "@rollup/rollup-linux-x64-gnu@4.26.0",
          "@rollup/rollup-linux-x64-musl": "@rollup/rollup-linux-x64-musl@4.26.0",
          "@rollup/rollup-win32-arm64-msvc": "@rollup/rollup-win32-arm64-msvc@4.26.0",
          "@rollup/rollup-win32-ia32-msvc": "@rollup/rollup-win32-ia32-msvc@4.26.0",
          "@rollup/rollup-win32-x64-msvc": "@rollup/rollup-win32-x64-msvc@4.26.0",
          "@types/estree": "@types/estree@1.0.6",
          "fsevents": "fsevents@2.3.3"
        }
      },
      "source-map-js@1.2.1": {
        "integrity": "sha512-UXWMKhLOwVKb728IUtQPXxfYU+usdybtUrK/8uGE8CQMvrhOpwvzDBwj0QhSL7MQc7vIsISBG8VQ8+IDQxpfQA==",
        "dependencies": {}
      },
      "vite@5.4.11": {
        "integrity": "sha512-c7jFQRklXua0mTzneGW9QVyxFjUgwcihC4bXEtujIo2ouWCe1Ajt/amn2PCxYnhYfd5k09JX3SB7OYWFKYqj8Q==",
        "dependencies": {
          "esbuild": "esbuild@0.21.5",
          "fsevents": "fsevents@2.3.3",
          "postcss": "postcss@8.4.49",
          "rollup": "rollup@4.26.0"
        }
      }
    }
  },
  "remote": {},
  "workspace": {
    "packageJson": {
      "dependencies": [
        "npm:@eslint/js@^9.9.0",
        "npm:@hookform/resolvers@^3.9.0",
        "npm:@lexical/react@0.18.1-nightly.20241011.0",
        "npm:@measured/dnd@^16.6.0-canary.4cba1d1",
        "npm:@measured/puck@^0.16.1",
        "npm:@radix-ui/react-accordion@^1.2.1",
        "npm:@radix-ui/react-alert-dialog@^1.1.2",
        "npm:@radix-ui/react-avatar@^1.1.1",
        "npm:@radix-ui/react-dialog@^1.1.2",
        "npm:@radix-ui/react-dropdown-menu@^2.1.2",
        "npm:@radix-ui/react-label@^2.1.0",
        "npm:@radix-ui/react-progress@^1.1.0",
        "npm:@radix-ui/react-select@^2.1.2",
        "npm:@radix-ui/react-separator@^1.1.0",
        "npm:@radix-ui/react-slot@^1.1.0",
        "npm:@radix-ui/react-switch@^1.1.1",
        "npm:@radix-ui/react-tabs@^1.1.1",
        "npm:@radix-ui/react-toggle-group@^1.1.0",
        "npm:@radix-ui/react-toggle@^1.1.0",
        "npm:@radix-ui/react-tooltip@^1.1.3",
        "npm:@tanstack/eslint-plugin-query@^5.57.1",
        "npm:@tanstack/react-query-devtools@^5.56.2",
        "npm:@tanstack/react-query@^5.56.2",
        "npm:@tanstack/react-router@^1.58.3",
        "npm:@tanstack/router-devtools@^1.58.3",
        "npm:@tanstack/router-plugin@^1.58.4",
        "npm:@types/node@^22.7.4",
        "npm:@types/object-hash@^3.0.6",
        "npm:@types/react-dom@^18.3.0",
        "npm:@types/react@^18.3.3",
        "npm:@types/ua-parser-js@^0.7.39",
        "npm:@vitejs/plugin-react@^4.3.1",
        "npm:autoprefixer@^10.4.20",
        "npm:axios@^1.7.7",
        "npm:class-variance-authority@^0.7.0",
        "npm:classnames@^2.5.1",
        "npm:clsx@^2.1.1",
        "npm:eslint-plugin-react-hooks@^5.1.0-rc.0",
        "npm:eslint-plugin-react-refresh@^0.4.9",
        "npm:eslint@^9.9.0",
        "npm:globals@^15.9.0",
        "npm:i@^0.3.7",
        "npm:lexical@0.18.1-nightly.20241011.0",
        "npm:lucide-react@^0.447.0",
        "npm:npm@^10.9.0",
        "npm:object-hash@^3.0.0",
        "npm:postcss@^8.4.47",
        "npm:react-dom@^18.3.1",
        "npm:react-hook-form@^7.53.0",
        "npm:react@^18.3.1",
        "npm:sass-embedded@^1.79.1",
        "npm:tailwind-merge@^2.5.3",
        "npm:tailwindcss-animate@^1.0.7",
        "npm:tailwindcss@^3.4.13",
        "npm:typescript-eslint@^8.0.1",
        "npm:typescript@^5.5.3",
        "npm:ua-parser-js@^1.0.39",
        "npm:vite@^5.4.1",
        "npm:zod@^3.23.8",
        "npm:zustand@^5.0.0-rc.2"
      ]
    }
  }
}
